// !$*UTF8*$!
{
	archiveVersion = 1;
	classes = {
	};
	objectVersion = 56;
	objects = {

/* Begin PBXBuildFile section */
		0F667C1F296AD53900120085 /* TravelFunApp.swift in Sources */ = {isa = PBXBuildFile; fileRef = 0F667C1E296AD53900120085 /* TravelFunApp.swift */; };
		0F667C21296AD53900120085 /* ContentView.swift in Sources */ = {isa = PBXBuildFile; fileRef = 0F667C20296AD53900120085 /* ContentView.swift */; };
		0F667C23296AD53C00120085 /* Assets.xcassets in Resources */ = {isa = PBXBuildFile; fileRef = 0F667C22296AD53C00120085 /* Assets.xcassets */; };
		0F667C26296AD53C00120085 /* Preview Assets.xcassets in Resources */ = {isa = PBXBuildFile; fileRef = 0F667C25296AD53C00120085 /* Preview Assets.xcassets */; };
		0F667C30296AD53C00120085 /* TravelFunTests.swift in Sources */ = {isa = PBXBuildFile; fileRef = 0F667C2F296AD53C00120085 /* TravelFunTests.swift */; };
		0F667C4E296AD7DC00120085 /* DiscoverCategoriesView.swift in Sources */ = {isa = PBXBuildFile; fileRef = 0F667C4D296AD7DC00120085 /* DiscoverCategoriesView.swift */; };
		0F667C50296AD85100120085 /* PopularDestinationsView.swift in Sources */ = {isa = PBXBuildFile; fileRef = 0F667C4F296AD85100120085 /* PopularDestinationsView.swift */; };
		0F667C52296AD8C000120085 /* PopularPlacesView.swift in Sources */ = {isa = PBXBuildFile; fileRef = 0F667C51296AD8C000120085 /* PopularPlacesView.swift */; };
		0F667C54296AD90800120085 /* TrendingCreatorsView.swift in Sources */ = {isa = PBXBuildFile; fileRef = 0F667C53296AD90800120085 /* TrendingCreatorsView.swift */; };
		0F667C58296ADA9100120085 /* HomeView.swift in Sources */ = {isa = PBXBuildFile; fileRef = 0F667C57296ADA9100120085 /* HomeView.swift */; };
		0F667C5C296ADE5B00120085 /* User.swift in Sources */ = {isa = PBXBuildFile; fileRef = 0F667C5B296ADE5B00120085 /* User.swift */; };
		0F667C5E296ADE6D00120085 /* Restaurant.swift in Sources */ = {isa = PBXBuildFile; fileRef = 0F667C5D296ADE6D00120085 /* Restaurant.swift */; };
		0F667C60296ADE8000120085 /* Destination.swift in Sources */ = {isa = PBXBuildFile; fileRef = 0F667C5F296ADE8000120085 /* Destination.swift */; };
		0F667C63296ADE9400120085 /* Category.swift in Sources */ = {isa = PBXBuildFile; fileRef = 0F667C62296ADE9400120085 /* Category.swift */; };
		0F667C66296AE1C100120085 /* TileModifier.swift in Sources */ = {isa = PBXBuildFile; fileRef = 0F667C65296AE1C100120085 /* TileModifier.swift */; };
		0F667C68296AE21C00120085 /* Color+Extension.swift in Sources */ = {isa = PBXBuildFile; fileRef = 0F667C67296AE21C00120085 /* Color+Extension.swift */; };
		0F80A485296CB3F40024E7C0 /* CategoryDetail.swift in Sources */ = {isa = PBXBuildFile; fileRef = 0F80A484296CB3F40024E7C0 /* CategoryDetail.swift */; };
		0F80A487296CB4190024E7C0 /* CategoryDetailsView.swift in Sources */ = {isa = PBXBuildFile; fileRef = 0F80A486296CB4190024E7C0 /* CategoryDetailsView.swift */; };
		0F86B90C29730F89007489C7 /* Annotation.swift in Sources */ = {isa = PBXBuildFile; fileRef = 0F86B90B29730F89007489C7 /* Annotation.swift */; };
		0F86B90E29731108007489C7 /* AnnotationView.swift in Sources */ = {isa = PBXBuildFile; fileRef = 0F86B90D29731108007489C7 /* AnnotationView.swift */; };
		0F86B91029731980007489C7 /* HeaderDestinationContainer.swift in Sources */ = {isa = PBXBuildFile; fileRef = 0F86B90F29731980007489C7 /* HeaderDestinationContainer.swift */; };
		0F9E54442970B95F00B46232 /* NavigationLazyView.swift in Sources */ = {isa = PBXBuildFile; fileRef = 0F9E54432970B95F00B46232 /* NavigationLazyView.swift */; };
		0F9E54462970BDFA00B46232 /* PopularDestinationDetailView.swift in Sources */ = {isa = PBXBuildFile; fileRef = 0F9E54452970BDFA00B46232 /* PopularDestinationDetailView.swift */; };
		0FC778F92975EA2400C64B83 /* CustomPageViewController.swift in Sources */ = {isa = PBXBuildFile; fileRef = 0FC778F82975EA2400C64B83 /* CustomPageViewController.swift */; };
		0FEAA906296DFEA800D46346 /* ActivityIndicatorView.swift in Sources */ = {isa = PBXBuildFile; fileRef = 0FEAA905296DFEA800D46346 /* ActivityIndicatorView.swift */; };
		0FEAA909296DFF1800D46346 /* CategoryDetailsViewModel.swift in Sources */ = {isa = PBXBuildFile; fileRef = 0FEAA908296DFF1800D46346 /* CategoryDetailsViewModel.swift */; };
		0FEAA90B296E008C00D46346 /* ActivityIndicator.swift in Sources */ = {isa = PBXBuildFile; fileRef = 0FEAA90A296E008C00D46346 /* ActivityIndicator.swift */; };
/* End PBXBuildFile section */

/* Begin PBXContainerItemProxy section */
		0F667C2C296AD53C00120085 /* PBXContainerItemProxy */ = {
			isa = PBXContainerItemProxy;
			containerPortal = 0F667C13296AD53900120085 /* Project object */;
			proxyType = 1;
			remoteGlobalIDString = 0F667C1A296AD53900120085;
			remoteInfo = TravelFun;
		};
/* End PBXContainerItemProxy section */

/* Begin PBXFileReference section */
		0F667C1B296AD53900120085 /* TravelFun.app */ = {isa = PBXFileReference; explicitFileType = wrapper.application; includeInIndex = 0; path = TravelFun.app; sourceTree = BUILT_PRODUCTS_DIR; };
		0F667C1E296AD53900120085 /* TravelFunApp.swift */ = {isa = PBXFileReference; lastKnownFileType = sourcecode.swift; path = TravelFunApp.swift; sourceTree = "<group>"; };
		0F667C20296AD53900120085 /* ContentView.swift */ = {isa = PBXFileReference; lastKnownFileType = sourcecode.swift; path = ContentView.swift; sourceTree = "<group>"; };
		0F667C22296AD53C00120085 /* Assets.xcassets */ = {isa = PBXFileReference; lastKnownFileType = folder.assetcatalog; path = Assets.xcassets; sourceTree = "<group>"; };
		0F667C25296AD53C00120085 /* Preview Assets.xcassets */ = {isa = PBXFileReference; lastKnownFileType = folder.assetcatalog; path = "Preview Assets.xcassets"; sourceTree = "<group>"; };
		0F667C2B296AD53C00120085 /* TravelFunTests.xctest */ = {isa = PBXFileReference; explicitFileType = wrapper.cfbundle; includeInIndex = 0; path = TravelFunTests.xctest; sourceTree = BUILT_PRODUCTS_DIR; };
		0F667C2F296AD53C00120085 /* TravelFunTests.swift */ = {isa = PBXFileReference; lastKnownFileType = sourcecode.swift; path = TravelFunTests.swift; sourceTree = "<group>"; };
		0F667C4D296AD7DC00120085 /* DiscoverCategoriesView.swift */ = {isa = PBXFileReference; lastKnownFileType = sourcecode.swift; path = DiscoverCategoriesView.swift; sourceTree = "<group>"; };
		0F667C4F296AD85100120085 /* PopularDestinationsView.swift */ = {isa = PBXFileReference; lastKnownFileType = sourcecode.swift; path = PopularDestinationsView.swift; sourceTree = "<group>"; };
		0F667C51296AD8C000120085 /* PopularPlacesView.swift */ = {isa = PBXFileReference; lastKnownFileType = sourcecode.swift; path = PopularPlacesView.swift; sourceTree = "<group>"; };
		0F667C53296AD90800120085 /* TrendingCreatorsView.swift */ = {isa = PBXFileReference; lastKnownFileType = sourcecode.swift; path = TrendingCreatorsView.swift; sourceTree = "<group>"; };
		0F667C57296ADA9100120085 /* HomeView.swift */ = {isa = PBXFileReference; lastKnownFileType = sourcecode.swift; path = HomeView.swift; sourceTree = "<group>"; };
		0F667C5B296ADE5B00120085 /* User.swift */ = {isa = PBXFileReference; lastKnownFileType = sourcecode.swift; path = User.swift; sourceTree = "<group>"; };
		0F667C5D296ADE6D00120085 /* Restaurant.swift */ = {isa = PBXFileReference; lastKnownFileType = sourcecode.swift; path = Restaurant.swift; sourceTree = "<group>"; };
		0F667C5F296ADE8000120085 /* Destination.swift */ = {isa = PBXFileReference; lastKnownFileType = sourcecode.swift; path = Destination.swift; sourceTree = "<group>"; };
		0F667C62296ADE9400120085 /* Category.swift */ = {isa = PBXFileReference; lastKnownFileType = sourcecode.swift; path = Category.swift; sourceTree = "<group>"; };
		0F667C65296AE1C100120085 /* TileModifier.swift */ = {isa = PBXFileReference; lastKnownFileType = sourcecode.swift; path = TileModifier.swift; sourceTree = "<group>"; };
		0F667C67296AE21C00120085 /* Color+Extension.swift */ = {isa = PBXFileReference; lastKnownFileType = sourcecode.swift; path = "Color+Extension.swift"; sourceTree = "<group>"; };
		0F80A484296CB3F40024E7C0 /* CategoryDetail.swift */ = {isa = PBXFileReference; lastKnownFileType = sourcecode.swift; path = CategoryDetail.swift; sourceTree = "<group>"; };
		0F80A486296CB4190024E7C0 /* CategoryDetailsView.swift */ = {isa = PBXFileReference; lastKnownFileType = sourcecode.swift; path = CategoryDetailsView.swift; sourceTree = "<group>"; };
		0F86B90B29730F89007489C7 /* Annotation.swift */ = {isa = PBXFileReference; lastKnownFileType = sourcecode.swift; path = Annotation.swift; sourceTree = "<group>"; };
		0F86B90D29731108007489C7 /* AnnotationView.swift */ = {isa = PBXFileReference; lastKnownFileType = sourcecode.swift; path = AnnotationView.swift; sourceTree = "<group>"; };
		0F86B90F29731980007489C7 /* HeaderDestinationContainer.swift */ = {isa = PBXFileReference; lastKnownFileType = sourcecode.swift; path = HeaderDestinationContainer.swift; sourceTree = "<group>"; };
		0F9E54432970B95F00B46232 /* NavigationLazyView.swift */ = {isa = PBXFileReference; lastKnownFileType = sourcecode.swift; path = NavigationLazyView.swift; sourceTree = "<group>"; };
		0F9E54452970BDFA00B46232 /* PopularDestinationDetailView.swift */ = {isa = PBXFileReference; lastKnownFileType = sourcecode.swift; path = PopularDestinationDetailView.swift; sourceTree = "<group>"; };
		0FC778F82975EA2400C64B83 /* CustomPageViewController.swift */ = {isa = PBXFileReference; lastKnownFileType = sourcecode.swift; path = CustomPageViewController.swift; sourceTree = "<group>"; };
		0FEAA905296DFEA800D46346 /* ActivityIndicatorView.swift */ = {isa = PBXFileReference; lastKnownFileType = sourcecode.swift; path = ActivityIndicatorView.swift; sourceTree = "<group>"; };
		0FEAA908296DFF1800D46346 /* CategoryDetailsViewModel.swift */ = {isa = PBXFileReference; lastKnownFileType = sourcecode.swift; path = CategoryDetailsViewModel.swift; sourceTree = "<group>"; };
		0FEAA90A296E008C00D46346 /* ActivityIndicator.swift */ = {isa = PBXFileReference; lastKnownFileType = sourcecode.swift; path = ActivityIndicator.swift; sourceTree = "<group>"; };
/* End PBXFileReference section */

/* Begin PBXFrameworksBuildPhase section */
		0F667C18296AD53900120085 /* Frameworks */ = {
			isa = PBXFrameworksBuildPhase;
			buildActionMask = 2147483647;
			files = (
			);
			runOnlyForDeploymentPostprocessing = 0;
		};
		0F667C28296AD53C00120085 /* Frameworks */ = {
			isa = PBXFrameworksBuildPhase;
			buildActionMask = 2147483647;
			files = (
			);
			runOnlyForDeploymentPostprocessing = 0;
		};
/* End PBXFrameworksBuildPhase section */

/* Begin PBXGroup section */
		0F667C12296AD53900120085 = {
			isa = PBXGroup;
			children = (
				0F667C1D296AD53900120085 /* TravelFun */,
				0F667C2E296AD53C00120085 /* TravelFunTests */,
				0F667C1C296AD53900120085 /* Products */,
			);
			sourceTree = "<group>";
		};
		0F667C1C296AD53900120085 /* Products */ = {
			isa = PBXGroup;
			children = (
				0F667C1B296AD53900120085 /* TravelFun.app */,
				0F667C2B296AD53C00120085 /* TravelFunTests.xctest */,
			);
			name = Products;
			sourceTree = "<group>";
		};
		0F667C1D296AD53900120085 /* TravelFun */ = {
			isa = PBXGroup;
			children = (
				0F667C64296AE1B100120085 /* Utils */,
				0F667C59296ADE1E00120085 /* Domain */,
				0F667C22296AD53C00120085 /* Assets.xcassets */,
				0F667C20296AD53900120085 /* ContentView.swift */,
				0F667C48296AD74400120085 /* Presentation */,
				0F667C24296AD53C00120085 /* Preview Content */,
				0F667C1E296AD53900120085 /* TravelFunApp.swift */,
			);
			path = TravelFun;
			sourceTree = "<group>";
		};
		0F667C24296AD53C00120085 /* Preview Content */ = {
			isa = PBXGroup;
			children = (
				0F667C25296AD53C00120085 /* Preview Assets.xcassets */,
			);
			path = "Preview Content";
			sourceTree = "<group>";
		};
		0F667C2E296AD53C00120085 /* TravelFunTests */ = {
			isa = PBXGroup;
			children = (
				0F667C2F296AD53C00120085 /* TravelFunTests.swift */,
			);
			path = TravelFunTests;
			sourceTree = "<group>";
		};
		0F667C48296AD74400120085 /* Presentation */ = {
			isa = PBXGroup;
			children = (
				0F667C55296ADA3400120085 /* Home */,
			);
			path = Presentation;
			sourceTree = "<group>";
		};
		0F667C55296ADA3400120085 /* Home */ = {
			isa = PBXGroup;
			children = (
				0F667C57296ADA9100120085 /* HomeView.swift */,
				0F667C56296ADA4900120085 /* Subviews */,
			);
			path = Home;
			sourceTree = "<group>";
		};
		0F667C56296ADA4900120085 /* Subviews */ = {
			isa = PBXGroup;
			children = (
				0FEAA907296DFF0000D46346 /* CategoryDetail */,
				0F86B909297308AA007489C7 /* DestinationDetail */,
				0F667C4D296AD7DC00120085 /* DiscoverCategoriesView.swift */,
				0F667C4F296AD85100120085 /* PopularDestinationsView.swift */,
				0F667C51296AD8C000120085 /* PopularPlacesView.swift */,
				0F667C53296AD90800120085 /* TrendingCreatorsView.swift */,
			);
			path = Subviews;
			sourceTree = "<group>";
		};
		0F667C59296ADE1E00120085 /* Domain */ = {
			isa = PBXGroup;
			children = (
				0F667C5A296ADE4300120085 /* Model */,
			);
			path = Domain;
			sourceTree = "<group>";
		};
		0F667C5A296ADE4300120085 /* Model */ = {
			isa = PBXGroup;
			children = (
				0F667C62296ADE9400120085 /* Category.swift */,
				0F667C5F296ADE8000120085 /* Destination.swift */,
				0F667C5D296ADE6D00120085 /* Restaurant.swift */,
				0F667C5B296ADE5B00120085 /* User.swift */,
				0F80A484296CB3F40024E7C0 /* CategoryDetail.swift */,
			);
			path = Model;
			sourceTree = "<group>";
		};
		0F667C64296AE1B100120085 /* Utils */ = {
			isa = PBXGroup;
			children = (
				0FEAA903296DFE8A00D46346 /* Common */,
				0F667C6A296AE45300120085 /* Color+Extension */,
				0F667C69296AE43B00120085 /* Modifiers */,
			);
			path = Utils;
			sourceTree = "<group>";
		};
		0F667C69296AE43B00120085 /* Modifiers */ = {
			isa = PBXGroup;
			children = (
				0F667C65296AE1C100120085 /* TileModifier.swift */,
			);
			path = Modifiers;
			sourceTree = "<group>";
		};
		0F667C6A296AE45300120085 /* Color+Extension */ = {
			isa = PBXGroup;
			children = (
				0F667C67296AE21C00120085 /* Color+Extension.swift */,
			);
			path = "Color+Extension";
			sourceTree = "<group>";
		};
		0F86B909297308AA007489C7 /* DestinationDetail */ = {
			isa = PBXGroup;
			children = (
				0FC778F72975EA1100C64B83 /* CustomPageView */,
				0F86B90A29730F77007489C7 /* Annotation */,
				0F9E54452970BDFA00B46232 /* PopularDestinationDetailView.swift */,
				0F86B90F29731980007489C7 /* HeaderDestinationContainer.swift */,
			);
			path = DestinationDetail;
			sourceTree = "<group>";
		};
		0F86B90A29730F77007489C7 /* Annotation */ = {
			isa = PBXGroup;
			children = (
				0F86B90B29730F89007489C7 /* Annotation.swift */,
				0F86B90D29731108007489C7 /* AnnotationView.swift */,
			);
			path = Annotation;
			sourceTree = "<group>";
		};
		0FC778F72975EA1100C64B83 /* CustomPageView */ = {
			isa = PBXGroup;
			children = (
				0FC778F82975EA2400C64B83 /* CustomPageViewController.swift */,
			);
			path = CustomPageView;
			sourceTree = "<group>";
		};
		0FEAA903296DFE8A00D46346 /* Common */ = {
			isa = PBXGroup;
			children = (
				0FEAA904296DFE9000D46346 /* Components */,
			);
			path = Common;
			sourceTree = "<group>";
		};
		0FEAA904296DFE9000D46346 /* Components */ = {
			isa = PBXGroup;
			children = (
				0FEAA905296DFEA800D46346 /* ActivityIndicatorView.swift */,
				0FEAA90A296E008C00D46346 /* ActivityIndicator.swift */,
				0F9E54432970B95F00B46232 /* NavigationLazyView.swift */,
			);
			path = Components;
			sourceTree = "<group>";
		};
		0FEAA907296DFF0000D46346 /* CategoryDetail */ = {
			isa = PBXGroup;
			children = (
				0F80A486296CB4190024E7C0 /* CategoryDetailsView.swift */,
				0FEAA908296DFF1800D46346 /* CategoryDetailsViewModel.swift */,
			);
			path = CategoryDetail;
			sourceTree = "<group>";
		};
/* End PBXGroup section */

/* Begin PBXNativeTarget section */
		0F667C1A296AD53900120085 /* TravelFun */ = {
			isa = PBXNativeTarget;
			buildConfigurationList = 0F667C3F296AD53C00120085 /* Build configuration list for PBXNativeTarget "TravelFun" */;
			buildPhases = (
				0F667C17296AD53900120085 /* Sources */,
				0F667C18296AD53900120085 /* Frameworks */,
				0F667C19296AD53900120085 /* Resources */,
			);
			buildRules = (
			);
			dependencies = (
			);
			name = TravelFun;
			productName = TravelFun;
			productReference = 0F667C1B296AD53900120085 /* TravelFun.app */;
			productType = "com.apple.product-type.application";
		};
		0F667C2A296AD53C00120085 /* TravelFunTests */ = {
			isa = PBXNativeTarget;
			buildConfigurationList = 0F667C42296AD53C00120085 /* Build configuration list for PBXNativeTarget "TravelFunTests" */;
			buildPhases = (
				0F667C27296AD53C00120085 /* Sources */,
				0F667C28296AD53C00120085 /* Frameworks */,
				0F667C29296AD53C00120085 /* Resources */,
			);
			buildRules = (
			);
			dependencies = (
				0F667C2D296AD53C00120085 /* PBXTargetDependency */,
			);
			name = TravelFunTests;
			productName = TravelFunTests;
			productReference = 0F667C2B296AD53C00120085 /* TravelFunTests.xctest */;
			productType = "com.apple.product-type.bundle.unit-test";
		};
/* End PBXNativeTarget section */

/* Begin PBXProject section */
		0F667C13296AD53900120085 /* Project object */ = {
			isa = PBXProject;
			attributes = {
				BuildIndependentTargetsInParallel = 1;
				LastSwiftUpdateCheck = 1420;
				LastUpgradeCheck = 1420;
				TargetAttributes = {
					0F667C1A296AD53900120085 = {
						CreatedOnToolsVersion = 14.2;
					};
					0F667C2A296AD53C00120085 = {
						CreatedOnToolsVersion = 14.2;
						TestTargetID = 0F667C1A296AD53900120085;
					};
				};
			};
			buildConfigurationList = 0F667C16296AD53900120085 /* Build configuration list for PBXProject "TravelFun" */;
			compatibilityVersion = "Xcode 14.0";
			developmentRegion = en;
			hasScannedForEncodings = 0;
			knownRegions = (
				en,
				Base,
			);
			mainGroup = 0F667C12296AD53900120085;
			productRefGroup = 0F667C1C296AD53900120085 /* Products */;
			projectDirPath = "";
			projectRoot = "";
			targets = (
				0F667C1A296AD53900120085 /* TravelFun */,
				0F667C2A296AD53C00120085 /* TravelFunTests */,
			);
		};
/* End PBXProject section */

/* Begin PBXResourcesBuildPhase section */
		0F667C19296AD53900120085 /* Resources */ = {
			isa = PBXResourcesBuildPhase;
			buildActionMask = 2147483647;
			files = (
				0F667C26296AD53C00120085 /* Preview Assets.xcassets in Resources */,
				0F667C23296AD53C00120085 /* Assets.xcassets in Resources */,
			);
			runOnlyForDeploymentPostprocessing = 0;
		};
		0F667C29296AD53C00120085 /* Resources */ = {
			isa = PBXResourcesBuildPhase;
			buildActionMask = 2147483647;
			files = (
			);
			runOnlyForDeploymentPostprocessing = 0;
		};
/* End PBXResourcesBuildPhase section */

/* Begin PBXSourcesBuildPhase section */
		0F667C17296AD53900120085 /* Sources */ = {
			isa = PBXSourcesBuildPhase;
			buildActionMask = 2147483647;
			files = (
				0F667C21296AD53900120085 /* ContentView.swift in Sources */,
				0FEAA909296DFF1800D46346 /* CategoryDetailsViewModel.swift in Sources */,
				0F667C58296ADA9100120085 /* HomeView.swift in Sources */,
				0F80A487296CB4190024E7C0 /* CategoryDetailsView.swift in Sources */,
				0F667C60296ADE8000120085 /* Destination.swift in Sources */,
				0F86B90E29731108007489C7 /* AnnotationView.swift in Sources */,
				0F667C54296AD90800120085 /* TrendingCreatorsView.swift in Sources */,
				0F667C68296AE21C00120085 /* Color+Extension.swift in Sources */,
				0FC778F92975EA2400C64B83 /* CustomPageViewController.swift in Sources */,
				0F667C1F296AD53900120085 /* TravelFunApp.swift in Sources */,
				0F9E54462970BDFA00B46232 /* PopularDestinationDetailView.swift in Sources */,
				0F667C5C296ADE5B00120085 /* User.swift in Sources */,
				0F667C4E296AD7DC00120085 /* DiscoverCategoriesView.swift in Sources */,
				0F667C52296AD8C000120085 /* PopularPlacesView.swift in Sources */,
				0F667C5E296ADE6D00120085 /* Restaurant.swift in Sources */,
				0FEAA906296DFEA800D46346 /* ActivityIndicatorView.swift in Sources */,
				0F80A485296CB3F40024E7C0 /* CategoryDetail.swift in Sources */,
				0F667C50296AD85100120085 /* PopularDestinationsView.swift in Sources */,
				0F9E54442970B95F00B46232 /* NavigationLazyView.swift in Sources */,
				0F667C66296AE1C100120085 /* TileModifier.swift in Sources */,
				0F86B91029731980007489C7 /* HeaderDestinationContainer.swift in Sources */,
				0FEAA90B296E008C00D46346 /* ActivityIndicator.swift in Sources */,
				0F86B90C29730F89007489C7 /* Annotation.swift in Sources */,
				0F667C63296ADE9400120085 /* Category.swift in Sources */,
			);
			runOnlyForDeploymentPostprocessing = 0;
		};
		0F667C27296AD53C00120085 /* Sources */ = {
			isa = PBXSourcesBuildPhase;
			buildActionMask = 2147483647;
			files = (
				0F667C30296AD53C00120085 /* TravelFunTests.swift in Sources */,
			);
			runOnlyForDeploymentPostprocessing = 0;
		};
/* End PBXSourcesBuildPhase section */

/* Begin PBXTargetDependency section */
		0F667C2D296AD53C00120085 /* PBXTargetDependency */ = {
			isa = PBXTargetDependency;
			target = 0F667C1A296AD53900120085 /* TravelFun */;
			targetProxy = 0F667C2C296AD53C00120085 /* PBXContainerItemProxy */;
		};
/* End PBXTargetDependency section */

/* Begin XCBuildConfiguration section */
		0F667C3D296AD53C00120085 /* Debug */ = {
			isa = XCBuildConfiguration;
			buildSettings = {
				ALWAYS_SEARCH_USER_PATHS = NO;
				CLANG_ANALYZER_NONNULL = YES;
				CLANG_ANALYZER_NUMBER_OBJECT_CONVERSION = YES_AGGRESSIVE;
				CLANG_CXX_LANGUAGE_STANDARD = "gnu++20";
				CLANG_ENABLE_MODULES = YES;
				CLANG_ENABLE_OBJC_ARC = YES;
				CLANG_ENABLE_OBJC_WEAK = YES;
				CLANG_WARN_BLOCK_CAPTURE_AUTORELEASING = YES;
				CLANG_WARN_BOOL_CONVERSION = YES;
				CLANG_WARN_COMMA = YES;
				CLANG_WARN_CONSTANT_CONVERSION = YES;
				CLANG_WARN_DEPRECATED_OBJC_IMPLEMENTATIONS = YES;
				CLANG_WARN_DIRECT_OBJC_ISA_USAGE = YES_ERROR;
				CLANG_WARN_DOCUMENTATION_COMMENTS = YES;
				CLANG_WARN_EMPTY_BODY = YES;
				CLANG_WARN_ENUM_CONVERSION = YES;
				CLANG_WARN_INFINITE_RECURSION = YES;
				CLANG_WARN_INT_CONVERSION = YES;
				CLANG_WARN_NON_LITERAL_NULL_CONVERSION = YES;
				CLANG_WARN_OBJC_IMPLICIT_RETAIN_SELF = YES;
				CLANG_WARN_OBJC_LITERAL_CONVERSION = YES;
				CLANG_WARN_OBJC_ROOT_CLASS = YES_ERROR;
				CLANG_WARN_QUOTED_INCLUDE_IN_FRAMEWORK_HEADER = YES;
				CLANG_WARN_RANGE_LOOP_ANALYSIS = YES;
				CLANG_WARN_STRICT_PROTOTYPES = YES;
				CLANG_WARN_SUSPICIOUS_MOVE = YES;
				CLANG_WARN_UNGUARDED_AVAILABILITY = YES_AGGRESSIVE;
				CLANG_WARN_UNREACHABLE_CODE = YES;
				CLANG_WARN__DUPLICATE_METHOD_MATCH = YES;
				COPY_PHASE_STRIP = NO;
				DEBUG_INFORMATION_FORMAT = dwarf;
				ENABLE_STRICT_OBJC_MSGSEND = YES;
				ENABLE_TESTABILITY = YES;
				GCC_C_LANGUAGE_STANDARD = gnu11;
				GCC_DYNAMIC_NO_PIC = NO;
				GCC_NO_COMMON_BLOCKS = YES;
				GCC_OPTIMIZATION_LEVEL = 0;
				GCC_PREPROCESSOR_DEFINITIONS = (
					"DEBUG=1",
					"$(inherited)",
				);
				GCC_WARN_64_TO_32_BIT_CONVERSION = YES;
				GCC_WARN_ABOUT_RETURN_TYPE = YES_ERROR;
				GCC_WARN_UNDECLARED_SELECTOR = YES;
				GCC_WARN_UNINITIALIZED_AUTOS = YES_AGGRESSIVE;
				GCC_WARN_UNUSED_FUNCTION = YES;
				GCC_WARN_UNUSED_VARIABLE = YES;
				IPHONEOS_DEPLOYMENT_TARGET = 16.2;
				MTL_ENABLE_DEBUG_INFO = INCLUDE_SOURCE;
				MTL_FAST_MATH = YES;
				ONLY_ACTIVE_ARCH = YES;
				SDKROOT = iphoneos;
				SWIFT_ACTIVE_COMPILATION_CONDITIONS = DEBUG;
				SWIFT_OPTIMIZATION_LEVEL = "-Onone";
			};
			name = Debug;
		};
		0F667C3E296AD53C00120085 /* Release */ = {
			isa = XCBuildConfiguration;
			buildSettings = {
				ALWAYS_SEARCH_USER_PATHS = NO;
				CLANG_ANALYZER_NONNULL = YES;
				CLANG_ANALYZER_NUMBER_OBJECT_CONVERSION = YES_AGGRESSIVE;
				CLANG_CXX_LANGUAGE_STANDARD = "gnu++20";
				CLANG_ENABLE_MODULES = YES;
				CLANG_ENABLE_OBJC_ARC = YES;
				CLANG_ENABLE_OBJC_WEAK = YES;
				CLANG_WARN_BLOCK_CAPTURE_AUTORELEASING = YES;
				CLANG_WARN_BOOL_CONVERSION = YES;
				CLANG_WARN_COMMA = YES;
				CLANG_WARN_CONSTANT_CONVERSION = YES;
				CLANG_WARN_DEPRECATED_OBJC_IMPLEMENTATIONS = YES;
				CLANG_WARN_DIRECT_OBJC_ISA_USAGE = YES_ERROR;
				CLANG_WARN_DOCUMENTATION_COMMENTS = YES;
				CLANG_WARN_EMPTY_BODY = YES;
				CLANG_WARN_ENUM_CONVERSION = YES;
				CLANG_WARN_INFINITE_RECURSION = YES;
				CLANG_WARN_INT_CONVERSION = YES;
				CLANG_WARN_NON_LITERAL_NULL_CONVERSION = YES;
				CLANG_WARN_OBJC_IMPLICIT_RETAIN_SELF = YES;
				CLANG_WARN_OBJC_LITERAL_CONVERSION = YES;
				CLANG_WARN_OBJC_ROOT_CLASS = YES_ERROR;
				CLANG_WARN_QUOTED_INCLUDE_IN_FRAMEWORK_HEADER = YES;
				CLANG_WARN_RANGE_LOOP_ANALYSIS = YES;
				CLANG_WARN_STRICT_PROTOTYPES = YES;
				CLANG_WARN_SUSPICIOUS_MOVE = YES;
				CLANG_WARN_UNGUARDED_AVAILABILITY = YES_AGGRESSIVE;
				CLANG_WARN_UNREACHABLE_CODE = YES;
				CLANG_WARN__DUPLICATE_METHOD_MATCH = YES;
				COPY_PHASE_STRIP = NO;
				DEBUG_INFORMATION_FORMAT = "dwarf-with-dsym";
				ENABLE_NS_ASSERTIONS = NO;
				ENABLE_STRICT_OBJC_MSGSEND = YES;
				GCC_C_LANGUAGE_STANDARD = gnu11;
				GCC_NO_COMMON_BLOCKS = YES;
				GCC_WARN_64_TO_32_BIT_CONVERSION = YES;
				GCC_WARN_ABOUT_RETURN_TYPE = YES_ERROR;
				GCC_WARN_UNDECLARED_SELECTOR = YES;
				GCC_WARN_UNINITIALIZED_AUTOS = YES_AGGRESSIVE;
				GCC_WARN_UNUSED_FUNCTION = YES;
				GCC_WARN_UNUSED_VARIABLE = YES;
				IPHONEOS_DEPLOYMENT_TARGET = 16.2;
				MTL_ENABLE_DEBUG_INFO = NO;
				MTL_FAST_MATH = YES;
				SDKROOT = iphoneos;
				SWIFT_COMPILATION_MODE = wholemodule;
				SWIFT_OPTIMIZATION_LEVEL = "-O";
				VALIDATE_PRODUCT = YES;
			};
			name = Release;
		};
		0F667C40296AD53C00120085 /* Debug */ = {
			isa = XCBuildConfiguration;
			buildSettings = {
				ASSETCATALOG_COMPILER_APPICON_NAME = AppIcon;
				ASSETCATALOG_COMPILER_GLOBAL_ACCENT_COLOR_NAME = AccentColor;
				CODE_SIGN_STYLE = Automatic;
				CURRENT_PROJECT_VERSION = 1;
				DEVELOPMENT_ASSET_PATHS = "\"TravelFun/Preview Content\"";
				DEVELOPMENT_TEAM = JZSFPKL563;
				ENABLE_PREVIEWS = YES;
				GENERATE_INFOPLIST_FILE = YES;
				INFOPLIST_KEY_UIApplicationSceneManifest_Generation = YES;
				INFOPLIST_KEY_UIApplicationSupportsIndirectInputEvents = YES;
				INFOPLIST_KEY_UILaunchScreen_Generation = YES;
				INFOPLIST_KEY_UISupportedInterfaceOrientations_iPad = "UIInterfaceOrientationPortrait UIInterfaceOrientationPortraitUpsideDown UIInterfaceOrientationLandscapeLeft UIInterfaceOrientationLandscapeRight";
				INFOPLIST_KEY_UISupportedInterfaceOrientations_iPhone = "UIInterfaceOrientationPortrait UIInterfaceOrientationLandscapeLeft UIInterfaceOrientationLandscapeRight";
				LD_RUNPATH_SEARCH_PATHS = (
					"$(inherited)",
					"@executable_path/Frameworks",
				);
				MARKETING_VERSION = 1.0;
				PRODUCT_BUNDLE_IDENTIFIER = com.example.TravelFun;
				PRODUCT_NAME = "$(TARGET_NAME)";
				SWIFT_EMIT_LOC_STRINGS = YES;
				SWIFT_VERSION = 5.0;
				TARGETED_DEVICE_FAMILY = "1,2";
			};
			name = Debug;
		};
		0F667C41296AD53C00120085 /* Release */ = {
			isa = XCBuildConfiguration;
			buildSettings = {
				ASSETCATALOG_COMPILER_APPICON_NAME = AppIcon;
				ASSETCATALOG_COMPILER_GLOBAL_ACCENT_COLOR_NAME = AccentColor;
				CODE_SIGN_STYLE = Automatic;
				CURRENT_PROJECT_VERSION = 1;
				DEVELOPMENT_ASSET_PATHS = "\"TravelFun/Preview Content\"";
				DEVELOPMENT_TEAM = JZSFPKL563;
				ENABLE_PREVIEWS = YES;
				GENERATE_INFOPLIST_FILE = YES;
				INFOPLIST_KEY_UIApplicationSceneManifest_Generation = YES;
				INFOPLIST_KEY_UIApplicationSupportsIndirectInputEvents = YES;
				INFOPLIST_KEY_UILaunchScreen_Generation = YES;
				INFOPLIST_KEY_UISupportedInterfaceOrientations_iPad = "UIInterfaceOrientationPortrait UIInterfaceOrientationPortraitUpsideDown UIInterfaceOrientationLandscapeLeft UIInterfaceOrientationLandscapeRight";
				INFOPLIST_KEY_UISupportedInterfaceOrientations_iPhone = "UIInterfaceOrientationPortrait UIInterfaceOrientationLandscapeLeft UIInterfaceOrientationLandscapeRight";
				LD_RUNPATH_SEARCH_PATHS = (
					"$(inherited)",
					"@executable_path/Frameworks",
				);
				MARKETING_VERSION = 1.0;
				PRODUCT_BUNDLE_IDENTIFIER = com.example.TravelFun;
				PRODUCT_NAME = "$(TARGET_NAME)";
				SWIFT_EMIT_LOC_STRINGS = YES;
				SWIFT_VERSION = 5.0;
				TARGETED_DEVICE_FAMILY = "1,2";
			};
			name = Release;
		};
		0F667C43296AD53C00120085 /* Debug */ = {
			isa = XCBuildConfiguration;
			buildSettings = {
				ALWAYS_EMBED_SWIFT_STANDARD_LIBRARIES = YES;
				BUNDLE_LOADER = "$(TEST_HOST)";
				CODE_SIGN_STYLE = Automatic;
				CURRENT_PROJECT_VERSION = 1;
				DEVELOPMENT_TEAM = JZSFPKL563;
				GENERATE_INFOPLIST_FILE = YES;
				IPHONEOS_DEPLOYMENT_TARGET = 16.2;
				MARKETING_VERSION = 1.0;
				PRODUCT_BUNDLE_IDENTIFIER = com.example.TravelFunTests;
				PRODUCT_NAME = "$(TARGET_NAME)";
				SWIFT_EMIT_LOC_STRINGS = NO;
				SWIFT_VERSION = 5.0;
				TARGETED_DEVICE_FAMILY = "1,2";
				TEST_HOST = "$(BUILT_PRODUCTS_DIR)/TravelFun.app/$(BUNDLE_EXECUTABLE_FOLDER_PATH)/TravelFun";
			};
			name = Debug;
		};
		0F667C44296AD53C00120085 /* Release */ = {
			isa = XCBuildConfiguration;
			buildSettings = {
				ALWAYS_EMBED_SWIFT_STANDARD_LIBRARIES = YES;
				BUNDLE_LOADER = "$(TEST_HOST)";
				CODE_SIGN_STYLE = Automatic;
				CURRENT_PROJECT_VERSION = 1;
				DEVELOPMENT_TEAM = JZSFPKL563;
				GENERATE_INFOPLIST_FILE = YES;
				IPHONEOS_DEPLOYMENT_TARGET = 16.2;
				MARKETING_VERSION = 1.0;
				PRODUCT_BUNDLE_IDENTIFIER = com.example.TravelFunTests;
				PRODUCT_NAME = "$(TARGET_NAME)";
				SWIFT_EMIT_LOC_STRINGS = NO;
				SWIFT_VERSION = 5.0;
				TARGETED_DEVICE_FAMILY = "1,2";
				TEST_HOST = "$(BUILT_PRODUCTS_DIR)/TravelFun.app/$(BUNDLE_EXECUTABLE_FOLDER_PATH)/TravelFun";
			};
			name = Release;
		};
/* End XCBuildConfiguration section */

/* Begin XCConfigurationList section */
		0F667C16296AD53900120085 /* Build configuration list for PBXProject "TravelFun" */ = {
			isa = XCConfigurationList;
			buildConfigurations = (
				0F667C3D296AD53C00120085 /* Debug */,
				0F667C3E296AD53C00120085 /* Release */,
			);
			defaultConfigurationIsVisible = 0;
			defaultConfigurationName = Release;
		};
		0F667C3F296AD53C00120085 /* Build configuration list for PBXNativeTarget "TravelFun" */ = {
			isa = XCConfigurationList;
			buildConfigurations = (
				0F667C40296AD53C00120085 /* Debug */,
				0F667C41296AD53C00120085 /* Release */,
			);
			defaultConfigurationIsVisible = 0;
			defaultConfigurationName = Release;
		};
		0F667C42296AD53C00120085 /* Build configuration list for PBXNativeTarget "TravelFunTests" */ = {
			isa = XCConfigurationList;
			buildConfigurations = (
				0F667C43296AD53C00120085 /* Debug */,
				0F667C44296AD53C00120085 /* Release */,
			);
			defaultConfigurationIsVisible = 0;
			defaultConfigurationName = Release;
		};
/* End XCConfigurationList section */
	};
	rootObject = 0F667C13296AD53900120085 /* Project object */;
}
